
Microsoft Visual Studio Solution File, Format Version 12.00
# Visual Studio 15
VisualStudioVersion = 15.0.28307.168
MinimumVisualStudioVersion = 10.0.40219.1
Project("{FAE04EC0-301F-11D3-BF4B-00C04F79EFBC}") = "Market Manager", "Market Manager\Market Manager.csproj", "{55C4E264-EA08-477C-87A8-90BD81F82FB0}"
EndProject
Project("{FAE04EC0-301F-11D3-BF4B-00C04F79EFBC}") = "Connection", "Connection\Connection.csproj", "{4AD21E76-F738-408D-B8D7-1FDA3397862D}"
EndProject
Project("{FAE04EC0-301F-11D3-BF4B-00C04F79EFBC}") = "Security", "Security\Security.csproj", "{67F38A77-D2F6-40F3-874D-FC868BE5241C}"
EndProject
Global
	GlobalSection(SolutionConfigurationPlatforms) = preSolution
		Debug|Any CPU = Debug|Any CPU
		Release|Any CPU = Release|Any CPU
	EndGlobalSection
	GlobalSection(ProjectConfigurationPlatforms) = postSolution
		{55C4E264-EA08-477C-87A8-90BD81F82FB0}.Debug|Any CPU.ActiveCfg = Debug|Any CPU
		{55C4E264-EA08-477C-87A8-90BD81F82FB0}.Debug|Any CPU.Build.0 = Debug|Any CPU
		{55C4E264-EA08-477C-87A8-90BD81F82FB0}.Release|Any CPU.ActiveCfg = Release|Any CPU
		{55C4E264-EA08-477C-87A8-90BD81F82FB0}.Release|Any CPU.Build.0 = Release|Any CPU
		{4AD21E76-F738-408D-B8D7-1FDA3397862D}.Debug|Any CPU.ActiveCfg = Debug|Any CPU
		{4AD21E76-F738-408D-B8D7-1FDA3397862D}.Debug|Any CPU.Build.0 = Debug|Any CPU
		{4AD21E76-F738-408D-B8D7-1FDA3397862D}.Release|Any CPU.ActiveCfg = Release|Any CPU
		{4AD21E76-F738-408D-B8D7-1FDA3397862D}.Release|Any CPU.Build.0 = Release|Any CPU
		{67F38A77-D2F6-40F3-874D-FC868BE5241C}.Debug|Any CPU.ActiveCfg = Debug|Any CPU
		{67F38A77-D2F6-40F3-874D-FC868BE5241C}.Debug|Any CPU.Build.0 = Debug|Any CPU
		{67F38A77-D2F6-40F3-874D-FC868BE5241C}.Release|Any CPU.ActiveCfg = Release|Any CPU
		{67F38A77-D2F6-40F3-874D-FC868BE5241C}.Release|Any CPU.Build.0 = Release|Any CPU
	EndGlobalSection
	GlobalSection(SolutionProperties) = preSolution
		HideSolutionNode = FALSE
	EndGlobalSection
	GlobalSection(ExtensibilityGlobals) = postSolution
		SolutionGuid = {32B8F269-A2BB-4948-89C0-6E5A16B0C7A1}
	EndGlobalSection
EndGlobal
